
Microsoft Visual Studio Solution File, Format Version 12.00
# Visual Studio 14
VisualStudioVersion = 14.0.23107.0
MinimumVisualStudioVersion = 10.0.40219.1
Project("{FAE04EC0-301F-11D3-BF4B-00C04F79EFBC}") = "Test", "Test\Test.csproj", "{C75C5AE1-5E15-492F-B603-31FBDA5DDE41}"
EndProject
Project("{FAE04EC0-301F-11D3-BF4B-00C04F79EFBC}") = "RxTest", "RxTest\RxTest.csproj", "{D690F7CC-7050-489C-BF33-4E203FF833E6}"
EndProject
Project("{FAE04EC0-301F-11D3-BF4B-00C04F79EFBC}") = "ReactTransport", "ReactTransport\ReactTransport.csproj", "{6988C321-F6C7-4FEF-A993-46A4EAB5E6F2}"
EndProject
Project("{FAE04EC0-301F-11D3-BF4B-00C04F79EFBC}") = "ReactServer", "ReactServer\ReactServer.csproj", "{5E72695E-A33D-40DF-A8B6-C9CB8630E2A5}"
EndProject
Project("{FAE04EC0-301F-11D3-BF4B-00C04F79EFBC}") = "ReactClient", "ReactClient\ReactClient.csproj", "{3403F430-8BB8-4F29-89B4-173057E0FA61}"
EndProject
Project("{2150E333-8FDC-42A3-9474-1A3956D46DE8}") = "Zero", "Zero", "{B36F3F69-A6EB-4039-90FD-69A07D47BD15}"
EndProject
Project("{FAE04EC0-301F-11D3-BF4B-00C04F79EFBC}") = "ZeroMain", "ZeroMain\ZeroMain.csproj", "{C5784060-57FD-456C-8759-73C89C913996}"
EndProject
Project("{FAE04EC0-301F-11D3-BF4B-00C04F79EFBC}") = "ZeroTransport", "ZeroTransport\ZeroTransport.csproj", "{7577B0C6-E08B-45D4-B781-5CC15D9FF8BB}"
EndProject
Project("{FAE04EC0-301F-11D3-BF4B-00C04F79EFBC}") = "ZeroMoveDetector", "ZeroMoveDetector\ZeroMoveDetector.csproj", "{349D6F90-70B7-4FD8-8FC4-226FB681F138}"
EndProject
Project("{FAE04EC0-301F-11D3-BF4B-00C04F79EFBC}") = "ZeroCamera", "ZeroCamera\ZeroCamera.csproj", "{064788E4-377A-4243-BE18-7F8FDAFF087C}"
EndProject
Project("{FAE04EC0-301F-11D3-BF4B-00C04F79EFBC}") = "ZeroMainWpf", "ZeroMainWpf\ZeroMainWpf.csproj", "{864F986C-BE26-4397-8203-7B4F023FCD26}"
EndProject
Global
	GlobalSection(SolutionConfigurationPlatforms) = preSolution
		Debug|Any CPU = Debug|Any CPU
		Debug|x86 = Debug|x86
		Release|Any CPU = Release|Any CPU
		Release|x86 = Release|x86
	EndGlobalSection
	GlobalSection(ProjectConfigurationPlatforms) = postSolution
		{C75C5AE1-5E15-492F-B603-31FBDA5DDE41}.Debug|Any CPU.ActiveCfg = Debug|x86
		{C75C5AE1-5E15-492F-B603-31FBDA5DDE41}.Debug|x86.ActiveCfg = Debug|x86
		{C75C5AE1-5E15-492F-B603-31FBDA5DDE41}.Debug|x86.Build.0 = Debug|x86
		{C75C5AE1-5E15-492F-B603-31FBDA5DDE41}.Release|Any CPU.ActiveCfg = Release|x86
		{C75C5AE1-5E15-492F-B603-31FBDA5DDE41}.Release|x86.ActiveCfg = Release|x86
		{C75C5AE1-5E15-492F-B603-31FBDA5DDE41}.Release|x86.Build.0 = Release|x86
		{D690F7CC-7050-489C-BF33-4E203FF833E6}.Debug|Any CPU.ActiveCfg = Debug|x86
		{D690F7CC-7050-489C-BF33-4E203FF833E6}.Debug|x86.ActiveCfg = Debug|x86
		{D690F7CC-7050-489C-BF33-4E203FF833E6}.Debug|x86.Build.0 = Debug|x86
		{D690F7CC-7050-489C-BF33-4E203FF833E6}.Release|Any CPU.ActiveCfg = Release|x86
		{D690F7CC-7050-489C-BF33-4E203FF833E6}.Release|x86.ActiveCfg = Release|x86
		{D690F7CC-7050-489C-BF33-4E203FF833E6}.Release|x86.Build.0 = Release|x86
		{6988C321-F6C7-4FEF-A993-46A4EAB5E6F2}.Debug|Any CPU.ActiveCfg = Debug|Any CPU
		{6988C321-F6C7-4FEF-A993-46A4EAB5E6F2}.Debug|Any CPU.Build.0 = Debug|Any CPU
		{6988C321-F6C7-4FEF-A993-46A4EAB5E6F2}.Debug|x86.ActiveCfg = Debug|Any CPU
		{6988C321-F6C7-4FEF-A993-46A4EAB5E6F2}.Debug|x86.Build.0 = Debug|Any CPU
		{6988C321-F6C7-4FEF-A993-46A4EAB5E6F2}.Release|Any CPU.ActiveCfg = Release|Any CPU
		{6988C321-F6C7-4FEF-A993-46A4EAB5E6F2}.Release|Any CPU.Build.0 = Release|Any CPU
		{6988C321-F6C7-4FEF-A993-46A4EAB5E6F2}.Release|x86.ActiveCfg = Release|Any CPU
		{6988C321-F6C7-4FEF-A993-46A4EAB5E6F2}.Release|x86.Build.0 = Release|Any CPU
		{5E72695E-A33D-40DF-A8B6-C9CB8630E2A5}.Debug|Any CPU.ActiveCfg = Debug|x86
		{5E72695E-A33D-40DF-A8B6-C9CB8630E2A5}.Debug|x86.ActiveCfg = Debug|x86
		{5E72695E-A33D-40DF-A8B6-C9CB8630E2A5}.Debug|x86.Build.0 = Debug|x86
		{5E72695E-A33D-40DF-A8B6-C9CB8630E2A5}.Release|Any CPU.ActiveCfg = Release|x86
		{5E72695E-A33D-40DF-A8B6-C9CB8630E2A5}.Release|x86.ActiveCfg = Release|x86
		{5E72695E-A33D-40DF-A8B6-C9CB8630E2A5}.Release|x86.Build.0 = Release|x86
		{3403F430-8BB8-4F29-89B4-173057E0FA61}.Debug|Any CPU.ActiveCfg = Debug|x86
		{3403F430-8BB8-4F29-89B4-173057E0FA61}.Debug|x86.ActiveCfg = Debug|x86
		{3403F430-8BB8-4F29-89B4-173057E0FA61}.Debug|x86.Build.0 = Debug|x86
		{3403F430-8BB8-4F29-89B4-173057E0FA61}.Release|Any CPU.ActiveCfg = Release|x86
		{3403F430-8BB8-4F29-89B4-173057E0FA61}.Release|x86.ActiveCfg = Release|x86
		{3403F430-8BB8-4F29-89B4-173057E0FA61}.Release|x86.Build.0 = Release|x86
		{C5784060-57FD-456C-8759-73C89C913996}.Debug|Any CPU.ActiveCfg = Debug|x86
		{C5784060-57FD-456C-8759-73C89C913996}.Debug|x86.ActiveCfg = Debug|x86
		{C5784060-57FD-456C-8759-73C89C913996}.Debug|x86.Build.0 = Debug|x86
		{C5784060-57FD-456C-8759-73C89C913996}.Release|Any CPU.ActiveCfg = Release|x86
		{C5784060-57FD-456C-8759-73C89C913996}.Release|x86.ActiveCfg = Release|x86
		{C5784060-57FD-456C-8759-73C89C913996}.Release|x86.Build.0 = Release|x86
		{7577B0C6-E08B-45D4-B781-5CC15D9FF8BB}.Debug|Any CPU.ActiveCfg = Debug|Any CPU
		{7577B0C6-E08B-45D4-B781-5CC15D9FF8BB}.Debug|Any CPU.Build.0 = Debug|Any CPU
		{7577B0C6-E08B-45D4-B781-5CC15D9FF8BB}.Debug|x86.ActiveCfg = Debug|Any CPU
		{7577B0C6-E08B-45D4-B781-5CC15D9FF8BB}.Debug|x86.Build.0 = Debug|Any CPU
		{7577B0C6-E08B-45D4-B781-5CC15D9FF8BB}.Release|Any CPU.ActiveCfg = Release|Any CPU
		{7577B0C6-E08B-45D4-B781-5CC15D9FF8BB}.Release|Any CPU.Build.0 = Release|Any CPU
		{7577B0C6-E08B-45D4-B781-5CC15D9FF8BB}.Release|x86.ActiveCfg = Release|Any CPU
		{7577B0C6-E08B-45D4-B781-5CC15D9FF8BB}.Release|x86.Build.0 = Release|Any CPU
		{349D6F90-70B7-4FD8-8FC4-226FB681F138}.Debug|Any CPU.ActiveCfg = Debug|x86
		{349D6F90-70B7-4FD8-8FC4-226FB681F138}.Debug|x86.ActiveCfg = Debug|x86
		{349D6F90-70B7-4FD8-8FC4-226FB681F138}.Debug|x86.Build.0 = Debug|x86
		{349D6F90-70B7-4FD8-8FC4-226FB681F138}.Release|Any CPU.ActiveCfg = Release|x86
		{349D6F90-70B7-4FD8-8FC4-226FB681F138}.Release|x86.ActiveCfg = Release|x86
		{349D6F90-70B7-4FD8-8FC4-226FB681F138}.Release|x86.Build.0 = Release|x86
		{064788E4-377A-4243-BE18-7F8FDAFF087C}.Debug|Any CPU.ActiveCfg = Debug|x86
		{064788E4-377A-4243-BE18-7F8FDAFF087C}.Debug|x86.ActiveCfg = Debug|x86
		{064788E4-377A-4243-BE18-7F8FDAFF087C}.Debug|x86.Build.0 = Debug|x86
		{064788E4-377A-4243-BE18-7F8FDAFF087C}.Release|Any CPU.ActiveCfg = Release|x86
		{064788E4-377A-4243-BE18-7F8FDAFF087C}.Release|x86.ActiveCfg = Release|x86
		{064788E4-377A-4243-BE18-7F8FDAFF087C}.Release|x86.Build.0 = Release|x86
		{864F986C-BE26-4397-8203-7B4F023FCD26}.Debug|Any CPU.ActiveCfg = Debug|Any CPU
		{864F986C-BE26-4397-8203-7B4F023FCD26}.Debug|Any CPU.Build.0 = Debug|Any CPU
		{864F986C-BE26-4397-8203-7B4F023FCD26}.Debug|x86.ActiveCfg = Debug|Any CPU
		{864F986C-BE26-4397-8203-7B4F023FCD26}.Debug|x86.Build.0 = Debug|Any CPU
		{864F986C-BE26-4397-8203-7B4F023FCD26}.Release|Any CPU.ActiveCfg = Release|Any CPU
		{864F986C-BE26-4397-8203-7B4F023FCD26}.Release|Any CPU.Build.0 = Release|Any CPU
		{864F986C-BE26-4397-8203-7B4F023FCD26}.Release|x86.ActiveCfg = Release|Any CPU
		{864F986C-BE26-4397-8203-7B4F023FCD26}.Release|x86.Build.0 = Release|Any CPU
	EndGlobalSection
	GlobalSection(SolutionProperties) = preSolution
		HideSolutionNode = FALSE
	EndGlobalSection
	GlobalSection(NestedProjects) = preSolution
		{C5784060-57FD-456C-8759-73C89C913996} = {B36F3F69-A6EB-4039-90FD-69A07D47BD15}
		{7577B0C6-E08B-45D4-B781-5CC15D9FF8BB} = {B36F3F69-A6EB-4039-90FD-69A07D47BD15}
		{349D6F90-70B7-4FD8-8FC4-226FB681F138} = {B36F3F69-A6EB-4039-90FD-69A07D47BD15}
		{064788E4-377A-4243-BE18-7F8FDAFF087C} = {B36F3F69-A6EB-4039-90FD-69A07D47BD15}
		{864F986C-BE26-4397-8203-7B4F023FCD26} = {B36F3F69-A6EB-4039-90FD-69A07D47BD15}
	EndGlobalSection
EndGlobal
